Microsoft Visual Studio Solution File, Format Version 12.00
# Visual Studio Version 17
VisualStudioVersion = 17.0.31903.59
MinimumVisualStudioVersion = 10.0.40219.1
Project("{FAE04EC0-301F-11D3-BF4B-00C04F79EFBC}") = "QuickLook.Plugin.SnpViewer", "QuickLook.Plugin.SnpViewer\QuickLook.Plugin.SnpViewer.csproj", "{B6B0B3E3-7B6E-4D2F-9B5C-9C0F1A2B3C4D}"
EndProject
Global
	GlobalSection(SolutionConfigurationPlatforms) = preSolution
		Debug|Any CPU = Debug|Any CPU
		Debug|ARM64 = Debug|ARM64
		Debug|x86 = Debug|x86
		Release|Any CPU = Release|Any CPU
		Release|ARM64 = Release|ARM64
		Release|x86 = Release|x86
	EndGlobalSection
	GlobalSection(ProjectConfigurationPlatforms) = postSolution
		{B6B0B3E3-7B6E-4D2F-9B5C-9C0F1A2B3C4D}.Debug|Any CPU.ActiveCfg = Debug|Any CPU
		{B6B0B3E3-7B6E-4D2F-9B5C-9C0F1A2B3C4D}.Debug|Any CPU.Build.0 = Debug|Any CPU
		{B6B0B3E3-7B6E-4D2F-9B5C-9C0F1A2B3C4D}.Debug|ARM64.ActiveCfg = Debug|ARM64
		{B6B0B3E3-7B6E-4D2F-9B5C-9C0F1A2B3C4D}.Debug|ARM64.Build.0 = Debug|ARM64
		{B6B0B3E3-7B6E-4D2F-9B5C-9C0F1A2B3C4D}.Debug|x86.ActiveCfg = Debug|x86
		{B6B0B3E3-7B6E-4D2F-9B5C-9C0F1A2B3C4D}.Debug|x86.Build.0 = Debug|x86
		{B6B0B3E3-7B6E-4D2F-9B5C-9C0F1A2B3C4D}.Release|Any CPU.ActiveCfg = Release|Any CPU
		{B6B0B3E3-7B6E-4D2F-9B5C-9C0F1A2B3C4D}.Release|Any CPU.Build.0 = Release|Any CPU
		{B6B0B3E3-7B6E-4D2F-9B5C-9C0F1A2B3C4D}.Release|ARM64.ActiveCfg = Release|ARM64
		{B6B0B3E3-7B6E-4D2F-9B5C-9C0F1A2B3C4D}.Release|ARM64.Build.0 = Release|ARM64
		{B6B0B3E3-7B6E-4D2F-9B5C-9C0F1A2B3C4D}.Release|x86.ActiveCfg = Release|x86
		{B6B0B3E3-7B6E-4D2F-9B5C-9C0F1A2B3C4D}.Release|x86.Build.0 = Release|x86
	EndGlobalSection
	GlobalSection(SolutionProperties) = preSolution
		HideSolutionNode = FALSE
	EndGlobalSection
EndGlobal
